// !$*UTF8*$!
{
	archiveVersion = 1;
	classes = {
	};
	objectVersion = 56;
	objects = {

/* Begin PBXBuildFile section */
		34CD0EE82A31B76800FDA9CA /* AppDelegate.swift in Sources */ = {isa = PBXBuildFile; fileRef = 34CD0EE72A31B76800FDA9CA /* AppDelegate.swift */; };
		34CD0EEA2A31B76800FDA9CA /* SceneDelegate.swift in Sources */ = {isa = PBXBuildFile; fileRef = 34CD0EE92A31B76800FDA9CA /* SceneDelegate.swift */; };
		34CD0EEC2A31B76800FDA9CA /* WeatherViewController.swift in Sources */ = {isa = PBXBuildFile; fileRef = 34CD0EEB2A31B76800FDA9CA /* WeatherViewController.swift */; };
		34CD0EEF2A31B76800FDA9CA /* Main.storyboard in Resources */ = {isa = PBXBuildFile; fileRef = 34CD0EED2A31B76800FDA9CA /* Main.storyboard */; };
		34CD0EF12A31B76A00FDA9CA /* Assets.xcassets in Resources */ = {isa = PBXBuildFile; fileRef = 34CD0EF02A31B76A00FDA9CA /* Assets.xcassets */; };
		34CD0EF42A31B76A00FDA9CA /* LaunchScreen.storyboard in Resources */ = {isa = PBXBuildFile; fileRef = 34CD0EF22A31B76A00FDA9CA /* LaunchScreen.storyboard */; };
		34CD0F0E2A31D39500FDA9CA /* Inter-Medium.ttf in Resources */ = {isa = PBXBuildFile; fileRef = 34CD0F052A31D39500FDA9CA /* Inter-Medium.ttf */; };
		34CD0F0F2A31D39500FDA9CA /* Inter-Bold.ttf in Resources */ = {isa = PBXBuildFile; fileRef = 34CD0F062A31D39500FDA9CA /* Inter-Bold.ttf */; };
		34CD0F142A31D89D00FDA9CA /* Poppins-Medium.ttf in Resources */ = {isa = PBXBuildFile; fileRef = 34CD0F132A31D89D00FDA9CA /* Poppins-Medium.ttf */; };
		34D91B6B2A32F17500A7EAAD /* WeatherManager.swift in Sources */ = {isa = PBXBuildFile; fileRef = 34D91B6A2A32F17500A7EAAD /* WeatherManager.swift */; };
		34D91B6D2A32F18000A7EAAD /* WeatherModel.swift in Sources */ = {isa = PBXBuildFile; fileRef = 34D91B6C2A32F18000A7EAAD /* WeatherModel.swift */; };
		34D91B6F2A32F19300A7EAAD /* WeatherData.swift in Sources */ = {isa = PBXBuildFile; fileRef = 34D91B6E2A32F19300A7EAAD /* WeatherData.swift */; };
/* End PBXBuildFile section */

/* Begin PBXFileReference section */
		34CD0EE42A31B76800FDA9CA /* Weather.app */ = {isa = PBXFileReference; explicitFileType = wrapper.application; includeInIndex = 0; path = Weather.app; sourceTree = BUILT_PRODUCTS_DIR; };
		34CD0EE72A31B76800FDA9CA /* AppDelegate.swift */ = {isa = PBXFileReference; lastKnownFileType = sourcecode.swift; path = AppDelegate.swift; sourceTree = "<group>"; };
		34CD0EE92A31B76800FDA9CA /* SceneDelegate.swift */ = {isa = PBXFileReference; lastKnownFileType = sourcecode.swift; path = SceneDelegate.swift; sourceTree = "<group>"; };
		34CD0EEB2A31B76800FDA9CA /* WeatherViewController.swift */ = {isa = PBXFileReference; lastKnownFileType = sourcecode.swift; path = WeatherViewController.swift; sourceTree = "<group>"; };
		34CD0EEE2A31B76800FDA9CA /* Base */ = {isa = PBXFileReference; lastKnownFileType = file.storyboard; name = Base; path = Base.lproj/Main.storyboard; sourceTree = "<group>"; };
		34CD0EF02A31B76A00FDA9CA /* Assets.xcassets */ = {isa = PBXFileReference; lastKnownFileType = folder.assetcatalog; path = Assets.xcassets; sourceTree = "<group>"; };
		34CD0EF32A31B76A00FDA9CA /* Base */ = {isa = PBXFileReference; lastKnownFileType = file.storyboard; name = Base; path = Base.lproj/LaunchScreen.storyboard; sourceTree = "<group>"; };
		34CD0EF52A31B76A00FDA9CA /* Info.plist */ = {isa = PBXFileReference; lastKnownFileType = text.plist.xml; path = Info.plist; sourceTree = "<group>"; };
		34CD0F052A31D39500FDA9CA /* Inter-Medium.ttf */ = {isa = PBXFileReference; lastKnownFileType = file; path = "Inter-Medium.ttf"; sourceTree = "<group>"; };
		34CD0F062A31D39500FDA9CA /* Inter-Bold.ttf */ = {isa = PBXFileReference; lastKnownFileType = file; path = "Inter-Bold.ttf"; sourceTree = "<group>"; };
		34CD0F132A31D89D00FDA9CA /* Poppins-Medium.ttf */ = {isa = PBXFileReference; lastKnownFileType = file; path = "Poppins-Medium.ttf"; sourceTree = "<group>"; };
		34D91B6A2A32F17500A7EAAD /* WeatherManager.swift */ = {isa = PBXFileReference; lastKnownFileType = sourcecode.swift; path = WeatherManager.swift; sourceTree = "<group>"; };
		34D91B6C2A32F18000A7EAAD /* WeatherModel.swift */ = {isa = PBXFileReference; lastKnownFileType = sourcecode.swift; path = WeatherModel.swift; sourceTree = "<group>"; };
		34D91B6E2A32F19300A7EAAD /* WeatherData.swift */ = {isa = PBXFileReference; lastKnownFileType = sourcecode.swift; path = WeatherData.swift; sourceTree = "<group>"; };
/* End PBXFileReference section */

/* Begin PBXFrameworksBuildPhase section */
		34CD0EE12A31B76800FDA9CA /* Frameworks */ = {
			isa = PBXFrameworksBuildPhase;
			buildActionMask = 2147483647;
			files = (
			);
			runOnlyForDeploymentPostprocessing = 0;
		};
/* End PBXFrameworksBuildPhase section */

/* Begin PBXGroup section */
		34CD0EDB2A31B76800FDA9CA = {
			isa = PBXGroup;
			children = (
				34CD0EE62A31B76800FDA9CA /* Weather */,
				34CD0EE52A31B76800FDA9CA /* Products */,
			);
			sourceTree = "<group>";
		};
		34CD0EE52A31B76800FDA9CA /* Products */ = {
			isa = PBXGroup;
			children = (
				34CD0EE42A31B76800FDA9CA /* Weather.app */,
			);
			name = Products;
			sourceTree = "<group>";
		};
		34CD0EE62A31B76800FDA9CA /* Weather */ = {
			isa = PBXGroup;
			children = (
				34CD0EE72A31B76800FDA9CA /* AppDelegate.swift */,
				34CD0EE92A31B76800FDA9CA /* SceneDelegate.swift */,
				34D91B692A32F15000A7EAAD /* Model */,
				34D91B672A32F12C00A7EAAD /* View */,
				34D91B682A32F14100A7EAAD /* Controller */,
				34CD0EF52A31B76A00FDA9CA /* Info.plist */,
			);
			path = Weather;
			sourceTree = "<group>";
		};
		34CD0EFD2A31D35900FDA9CA /* Fonts */ = {
			isa = PBXGroup;
			children = (
				34CD0F132A31D89D00FDA9CA /* Poppins-Medium.ttf */,
				34CD0F062A31D39500FDA9CA /* Inter-Bold.ttf */,
				34CD0F052A31D39500FDA9CA /* Inter-Medium.ttf */,
			);
			path = Fonts;
			sourceTree = "<group>";
		};
		34D91B672A32F12C00A7EAAD /* View */ = {
			isa = PBXGroup;
			children = (
				34CD0EED2A31B76800FDA9CA /* Main.storyboard */,
				34CD0EF02A31B76A00FDA9CA /* Assets.xcassets */,
				34CD0EF22A31B76A00FDA9CA /* LaunchScreen.storyboard */,
				34CD0EFD2A31D35900FDA9CA /* Fonts */,
			);
			path = View;
			sourceTree = "<group>";
		};
		34D91B682A32F14100A7EAAD /* Controller */ = {
			isa = PBXGroup;
			children = (
				34CD0EEB2A31B76800FDA9CA /* WeatherViewController.swift */,
			);
			path = Controller;
			sourceTree = "<group>";
		};
		34D91B692A32F15000A7EAAD /* Model */ = {
			isa = PBXGroup;
			children = (
				34D91B6A2A32F17500A7EAAD /* WeatherManager.swift */,
				34D91B6E2A32F19300A7EAAD /* WeatherData.swift */,
				34D91B6C2A32F18000A7EAAD /* WeatherModel.swift */,
			);
			path = Model;
			sourceTree = "<group>";
		};
/* End PBXGroup section */

/* Begin PBXNativeTarget section */
		34CD0EE32A31B76800FDA9CA /* Weather */ = {
			isa = PBXNativeTarget;
			buildConfigurationList = 34CD0EF82A31B76A00FDA9CA /* Build configuration list for PBXNativeTarget "Weather" */;
			buildPhases = (
				34CD0EE02A31B76800FDA9CA /* Sources */,
				34CD0EE12A31B76800FDA9CA /* Frameworks */,
				34CD0EE22A31B76800FDA9CA /* Resources */,
			);
			buildRules = (
			);
			dependencies = (
			);
			name = Weather;
			productName = Weather;
			productReference = 34CD0EE42A31B76800FDA9CA /* Weather.app */;
			productType = "com.apple.product-type.application";
		};
/* End PBXNativeTarget section */

/* Begin PBXProject section */
		34CD0EDC2A31B76800FDA9CA /* Project object */ = {
			isa = PBXProject;
			attributes = {
				BuildIndependentTargetsInParallel = 1;
				LastSwiftUpdateCheck = 1430;
				LastUpgradeCheck = 1430;
				TargetAttributes = {
					34CD0EE32A31B76800FDA9CA = {
						CreatedOnToolsVersion = 14.3;
					};
				};
			};
			buildConfigurationList = 34CD0EDF2A31B76800FDA9CA /* Build configuration list for PBXProject "Weather" */;
			compatibilityVersion = "Xcode 14.0";
			developmentRegion = en;
			hasScannedForEncodings = 0;
			knownRegions = (
				en,
				Base,
			);
			mainGroup = 34CD0EDB2A31B76800FDA9CA;
			productRefGroup = 34CD0EE52A31B76800FDA9CA /* Products */;
			projectDirPath = "";
			projectRoot = "";
			targets = (
				34CD0EE32A31B76800FDA9CA /* Weather */,
			);
		};
/* End PBXProject section */

/* Begin PBXResourcesBuildPhase section */
		34CD0EE22A31B76800FDA9CA /* Resources */ = {
			isa = PBXResourcesBuildPhase;
			buildActionMask = 2147483647;
			files = (
				34CD0F142A31D89D00FDA9CA /* Poppins-Medium.ttf in Resources */,
				34CD0F0F2A31D39500FDA9CA /* Inter-Bold.ttf in Resources */,
				34CD0EF42A31B76A00FDA9CA /* LaunchScreen.storyboard in Resources */,
				34CD0EF12A31B76A00FDA9CA /* Assets.xcassets in Resources */,
				34CD0F0E2A31D39500FDA9CA /* Inter-Medium.ttf in Resources */,
				34CD0EEF2A31B76800FDA9CA /* Main.storyboard in Resources */,
			);
			runOnlyForDeploymentPostprocessing = 0;
		};
/* End PBXResourcesBuildPhase section */

/* Begin PBXSourcesBuildPhase section */
		34CD0EE02A31B76800FDA9CA /* Sources */ = {
			isa = PBXSourcesBuildPhase;
			buildActionMask = 2147483647;
			files = (
				34CD0EEC2A31B76800FDA9CA /* WeatherViewController.swift in Sources */,
				34CD0EE82A31B76800FDA9CA /* AppDelegate.swift in Sources */,
				34D91B6B2A32F17500A7EAAD /* WeatherManager.swift in Sources */,
				34CD0EEA2A31B76800FDA9CA /* SceneDelegate.swift in Sources */,
				34D91B6F2A32F19300A7EAAD /* WeatherData.swift in Sources */,
				34D91B6D2A32F18000A7EAAD /* WeatherModel.swift in Sources */,
			);
			runOnlyForDeploymentPostprocessing = 0;
		};
/* End PBXSourcesBuildPhase section */

/* Begin PBXVariantGroup section */
		34CD0EED2A31B76800FDA9CA /* Main.storyboard */ = {
			isa = PBXVariantGroup;
			children = (
				34CD0EEE2A31B76800FDA9CA /* Base */,
			);
			name = Main.storyboard;
			sourceTree = "<group>";
		};
		34CD0EF22A31B76A00FDA9CA /* LaunchScreen.storyboard */ = {
			isa = PBXVariantGroup;
			children = (
				34CD0EF32A31B76A00FDA9CA /* Base */,
			);
			name = LaunchScreen.storyboard;
			sourceTree = "<group>";
		};
/* End PBXVariantGroup section */

/* Begin XCBuildConfiguration section */
		34CD0EF62A31B76A00FDA9CA /* Debug */ = {
			isa = XCBuildConfiguration;
			buildSettings = {
				ALWAYS_SEARCH_USER_PATHS = NO;
				CLANG_ANALYZER_NONNULL = YES;
				CLANG_ANALYZER_NUMBER_OBJECT_CONVERSION = YES_AGGRESSIVE;
				CLANG_CXX_LANGUAGE_STANDARD = "gnu++20";
				CLANG_ENABLE_MODULES = YES;
				CLANG_ENABLE_OBJC_ARC = YES;
				CLANG_ENABLE_OBJC_WEAK = YES;
				CLANG_WARN_BLOCK_CAPTURE_AUTORELEASING = YES;
				CLANG_WARN_BOOL_CONVERSION = YES;
				CLANG_WARN_COMMA = YES;
				CLANG_WARN_CONSTANT_CONVERSION = YES;
				CLANG_WARN_DEPRECATED_OBJC_IMPLEMENTATIONS = YES;
				CLANG_WARN_DIRECT_OBJC_ISA_USAGE = YES_ERROR;
				CLANG_WARN_DOCUMENTATION_COMMENTS = YES;
				CLANG_WARN_EMPTY_BODY = YES;
				CLANG_WARN_ENUM_CONVERSION = YES;
				CLANG_WARN_INFINITE_RECURSION = YES;
				CLANG_WARN_INT_CONVERSION = YES;
				CLANG_WARN_NON_LITERAL_NULL_CONVERSION = YES;
				CLANG_WARN_OBJC_IMPLICIT_RETAIN_SELF = YES;
				CLANG_WARN_OBJC_LITERAL_CONVERSION = YES;
				CLANG_WARN_OBJC_ROOT_CLASS = YES_ERROR;
				CLANG_WARN_QUOTED_INCLUDE_IN_FRAMEWORK_HEADER = YES;
				CLANG_WARN_RANGE_LOOP_ANALYSIS = YES;
				CLANG_WARN_STRICT_PROTOTYPES = YES;
				CLANG_WARN_SUSPICIOUS_MOVE = YES;
				CLANG_WARN_UNGUARDED_AVAILABILITY = YES_AGGRESSIVE;
				CLANG_WARN_UNREACHABLE_CODE = YES;
				CLANG_WARN__DUPLICATE_METHOD_MATCH = YES;
				COPY_PHASE_STRIP = NO;
				DEBUG_INFORMATION_FORMAT = dwarf;
				ENABLE_STRICT_OBJC_MSGSEND = YES;
				ENABLE_TESTABILITY = YES;
				GCC_C_LANGUAGE_STANDARD = gnu11;
				GCC_DYNAMIC_NO_PIC = NO;
				GCC_NO_COMMON_BLOCKS = YES;
				GCC_OPTIMIZATION_LEVEL = 0;
				GCC_PREPROCESSOR_DEFINITIONS = (
					"DEBUG=1",
					"$(inherited)",
				);
				GCC_WARN_64_TO_32_BIT_CONVERSION = YES;
				GCC_WARN_ABOUT_RETURN_TYPE = YES_ERROR;
				GCC_WARN_UNDECLARED_SELECTOR = YES;
				GCC_WARN_UNINITIALIZED_AUTOS = YES_AGGRESSIVE;
				GCC_WARN_UNUSED_FUNCTION = YES;
				GCC_WARN_UNUSED_VARIABLE = YES;
				IPHONEOS_DEPLOYMENT_TARGET = 16.4;
				MTL_ENABLE_DEBUG_INFO = INCLUDE_SOURCE;
				MTL_FAST_MATH = YES;
				ONLY_ACTIVE_ARCH = YES;
				SDKROOT = iphoneos;
				SWIFT_ACTIVE_COMPILATION_CONDITIONS = DEBUG;
				SWIFT_OPTIMIZATION_LEVEL = "-Onone";
			};
			name = Debug;
		};
		34CD0EF72A31B76A00FDA9CA /* Release */ = {
			isa = XCBuildConfiguration;
			buildSettings = {
				ALWAYS_SEARCH_USER_PATHS = NO;
				CLANG_ANALYZER_NONNULL = YES;
				CLANG_ANALYZER_NUMBER_OBJECT_CONVERSION = YES_AGGRESSIVE;
				CLANG_CXX_LANGUAGE_STANDARD = "gnu++20";
				CLANG_ENABLE_MODULES = YES;
				CLANG_ENABLE_OBJC_ARC = YES;
				CLANG_ENABLE_OBJC_WEAK = YES;
				CLANG_WARN_BLOCK_CAPTURE_AUTORELEASING = YES;
				CLANG_WARN_BOOL_CONVERSION = YES;
				CLANG_WARN_COMMA = YES;
				CLANG_WARN_CONSTANT_CONVERSION = YES;
				CLANG_WARN_DEPRECATED_OBJC_IMPLEMENTATIONS = YES;
				CLANG_WARN_DIRECT_OBJC_ISA_USAGE = YES_ERROR;
				CLANG_WARN_DOCUMENTATION_COMMENTS = YES;
				CLANG_WARN_EMPTY_BODY = YES;
				CLANG_WARN_ENUM_CONVERSION = YES;
				CLANG_WARN_INFINITE_RECURSION = YES;
				CLANG_WARN_INT_CONVERSION = YES;
				CLANG_WARN_NON_LITERAL_NULL_CONVERSION = YES;
				CLANG_WARN_OBJC_IMPLICIT_RETAIN_SELF = YES;
				CLANG_WARN_OBJC_LITERAL_CONVERSION = YES;
				CLANG_WARN_OBJC_ROOT_CLASS = YES_ERROR;
				CLANG_WARN_QUOTED_INCLUDE_IN_FRAMEWORK_HEADER = YES;
				CLANG_WARN_RANGE_LOOP_ANALYSIS = YES;
				CLANG_WARN_STRICT_PROTOTYPES = YES;
				CLANG_WARN_SUSPICIOUS_MOVE = YES;
				CLANG_WARN_UNGUARDED_AVAILABILITY = YES_AGGRESSIVE;
				CLANG_WARN_UNREACHABLE_CODE = YES;
				CLANG_WARN__DUPLICATE_METHOD_MATCH = YES;
				COPY_PHASE_STRIP = NO;
				DEBUG_INFORMATION_FORMAT = "dwarf-with-dsym";
				ENABLE_NS_ASSERTIONS = NO;
				ENABLE_STRICT_OBJC_MSGSEND = YES;
				GCC_C_LANGUAGE_STANDARD = gnu11;
				GCC_NO_COMMON_BLOCKS = YES;
				GCC_WARN_64_TO_32_BIT_CONVERSION = YES;
				GCC_WARN_ABOUT_RETURN_TYPE = YES_ERROR;
				GCC_WARN_UNDECLARED_SELECTOR = YES;
				GCC_WARN_UNINITIALIZED_AUTOS = YES_AGGRESSIVE;
				GCC_WARN_UNUSED_FUNCTION = YES;
				GCC_WARN_UNUSED_VARIABLE = YES;
				IPHONEOS_DEPLOYMENT_TARGET = 16.4;
				MTL_ENABLE_DEBUG_INFO = NO;
				MTL_FAST_MATH = YES;
				SDKROOT = iphoneos;
				SWIFT_COMPILATION_MODE = wholemodule;
				SWIFT_OPTIMIZATION_LEVEL = "-O";
				VALIDATE_PRODUCT = YES;
			};
			name = Release;
		};
		34CD0EF92A31B76A00FDA9CA /* Debug */ = {
			isa = XCBuildConfiguration;
			buildSettings = {
				ASSETCATALOG_COMPILER_APPICON_NAME = AppIcon;
				ASSETCATALOG_COMPILER_GLOBAL_ACCENT_COLOR_NAME = AccentColor;
				CODE_SIGN_STYLE = Automatic;
				CURRENT_PROJECT_VERSION = 1;
				DEVELOPMENT_TEAM = HSUJU66LCC;
				GENERATE_INFOPLIST_FILE = YES;
				INFOPLIST_FILE = Weather/Info.plist;
				INFOPLIST_KEY_CFBundleDisplayName = Weather;
				INFOPLIST_KEY_LSApplicationCategoryType = "public.app-category.weather";
				INFOPLIST_KEY_NSLocationWhenInUseUsageDescription = "The \"Weather\" App needs location services in order to fetch weather details for your current location.";
				INFOPLIST_KEY_UIApplicationSupportsIndirectInputEvents = YES;
				INFOPLIST_KEY_UILaunchStoryboardName = LaunchScreen;
				INFOPLIST_KEY_UIMainStoryboardFile = Main;
				INFOPLIST_KEY_UISupportedInterfaceOrientations = "UIInterfaceOrientationPortrait UIInterfaceOrientationPortraitUpsideDown";
				IPHONEOS_DEPLOYMENT_TARGET = 11.0;
				LD_RUNPATH_SEARCH_PATHS = (
					"$(inherited)",
					"@executable_path/Frameworks",
				);
				MARKETING_VERSION = 1.0;
				PRODUCT_BUNDLE_IDENTIFIER = com.anuragchourasia.Weather;
				PRODUCT_NAME = "$(TARGET_NAME)";
				SUPPORTED_PLATFORMS = "iphoneos iphonesimulator";
				SUPPORTS_MACCATALYST = NO;
				SUPPORTS_MAC_DESIGNED_FOR_IPHONE_IPAD = NO;
				SWIFT_EMIT_LOC_STRINGS = YES;
				SWIFT_VERSION = 5.0;
				TARGETED_DEVICE_FAMILY = "1,2";
			};
			name = Debug;
		};
		34CD0EFA2A31B76A00FDA9CA /* Release */ = {
			isa = XCBuildConfiguration;
			buildSettings = {
				ASSETCATALOG_COMPILER_APPICON_NAME = AppIcon;
				ASSETCATALOG_COMPILER_GLOBAL_ACCENT_COLOR_NAME = AccentColor;
				CODE_SIGN_STYLE = Automatic;
				CURRENT_PROJECT_VERSION = 1;
				DEVELOPMENT_TEAM = HSUJU66LCC;
				GENERATE_INFOPLIST_FILE = YES;
				INFOPLIST_FILE = Weather/Info.plist;
				INFOPLIST_KEY_CFBundleDisplayName = Weather;
				INFOPLIST_KEY_LSApplicationCategoryType = "public.app-category.weather";
				INFOPLIST_KEY_NSLocationWhenInUseUsageDescription = "The \"Weather\" App needs location services in order to fetch weather details for your current location.";
				INFOPLIST_KEY_UIApplicationSupportsIndirectInputEvents = YES;
				INFOPLIST_KEY_UILaunchStoryboardName = LaunchScreen;
				INFOPLIST_KEY_UIMainStoryboardFile = Main;
				INFOPLIST_KEY_UISupportedInterfaceOrientations = "UIInterfaceOrientationPortrait UIInterfaceOrientationPortraitUpsideDown";
				IPHONEOS_DEPLOYMENT_TARGET = 11.0;
				LD_RUNPATH_SEARCH_PATHS = (
					"$(inherited)",
					"@executable_path/Frameworks",
				);
				MARKETING_VERSION = 1.0;
				PRODUCT_BUNDLE_IDENTIFIER = com.anuragchourasia.Weather;
				PRODUCT_NAME = "$(TARGET_NAME)";
				SUPPORTED_PLATFORMS = "iphoneos iphonesimulator";
				SUPPORTS_MACCATALYST = NO;
				SUPPORTS_MAC_DESIGNED_FOR_IPHONE_IPAD = NO;
				SWIFT_EMIT_LOC_STRINGS = YES;
				SWIFT_VERSION = 5.0;
				TARGETED_DEVICE_FAMILY = "1,2";
			};
			name = Release;
		};
/* End XCBuildConfiguration section */

/* Begin XCConfigurationList section */
		34CD0EDF2A31B76800FDA9CA /* Build configuration list for PBXProject "Weather" */ = {
			isa = XCConfigurationList;
			buildConfigurations = (
				34CD0EF62A31B76A00FDA9CA /* Debug */,
				34CD0EF72A31B76A00FDA9CA /* Release */,
			);
			defaultConfigurationIsVisible = 0;
			defaultConfigurationName = Release;
		};
		34CD0EF82A31B76A00FDA9CA /* Build configuration list for PBXNativeTarget "Weather" */ = {
			isa = XCConfigurationList;
			buildConfigurations = (
				34CD0EF92A31B76A00FDA9CA /* Debug */,
				34CD0EFA2A31B76A00FDA9CA /* Release */,
			);
			defaultConfigurationIsVisible = 0;
			defaultConfigurationName = Release;
		};
/* End XCConfigurationList section */
	};
	rootObject = 34CD0EDC2A31B76800FDA9CA /* Project object */;
}
